// !$*UTF8*$!
{
	archiveVersion = 1;
	classes = {
	};
	objectVersion = 50;
	objects = {

/* Begin PBXBuildFile section */
		7BF8DE3D235DB951007529A7 /* AppDelegate.swift in Sources */ = {isa = PBXBuildFile; fileRef = 7BF8DE3C235DB951007529A7 /* AppDelegate.swift */; };
		7BF8DE3F235DB951007529A7 /* SceneDelegate.swift in Sources */ = {isa = PBXBuildFile; fileRef = 7BF8DE3E235DB951007529A7 /* SceneDelegate.swift */; };
		7BF8DE41235DB951007529A7 /* TableViewController.swift in Sources */ = {isa = PBXBuildFile; fileRef = 7BF8DE40235DB951007529A7 /* TableViewController.swift */; };
		7BF8DE44235DB951007529A7 /* Main.storyboard in Resources */ = {isa = PBXBuildFile; fileRef = 7BF8DE42235DB951007529A7 /* Main.storyboard */; };
		7BF8DE46235DB952007529A7 /* Assets.xcassets in Resources */ = {isa = PBXBuildFile; fileRef = 7BF8DE45235DB952007529A7 /* Assets.xcassets */; };
		7BF8DE49235DB952007529A7 /* LaunchScreen.storyboard in Resources */ = {isa = PBXBuildFile; fileRef = 7BF8DE47235DB952007529A7 /* LaunchScreen.storyboard */; };
		EDFE7880396FA4843CDBDCE6 /* Pods_testxcodecompletion.framework in Frameworks */ = {isa = PBXBuildFile; fileRef = 0E1A161358A32BBD6A06BA2C /* Pods_testxcodecompletion.framework */; };
/* End PBXBuildFile section */

/* Begin PBXFileReference section */
		0E1A161358A32BBD6A06BA2C /* Pods_testxcodecompletion.framework */ = {isa = PBXFileReference; explicitFileType = wrapper.framework; includeInIndex = 0; path = Pods_testxcodecompletion.framework; sourceTree = BUILT_PRODUCTS_DIR; };
		7BF8DE39235DB951007529A7 /* testxcodecompletion.app */ = {isa = PBXFileReference; explicitFileType = wrapper.application; includeInIndex = 0; path = testxcodecompletion.app; sourceTree = BUILT_PRODUCTS_DIR; };
		7BF8DE3C235DB951007529A7 /* AppDelegate.swift */ = {isa = PBXFileReference; lastKnownFileType = sourcecode.swift; path = AppDelegate.swift; sourceTree = "<group>"; };
		7BF8DE3E235DB951007529A7 /* SceneDelegate.swift */ = {isa = PBXFileReference; lastKnownFileType = sourcecode.swift; path = SceneDelegate.swift; sourceTree = "<group>"; };
		7BF8DE40235DB951007529A7 /* TableViewController.swift */ = {isa = PBXFileReference; lastKnownFileType = sourcecode.swift; path = TableViewController.swift; sourceTree = "<group>"; };
		7BF8DE43235DB951007529A7 /* Base */ = {isa = PBXFileReference; lastKnownFileType = file.storyboard; name = Base; path = Base.lproj/Main.storyboard; sourceTree = "<group>"; };
		7BF8DE45235DB952007529A7 /* Assets.xcassets */ = {isa = PBXFileReference; lastKnownFileType = folder.assetcatalog; path = Assets.xcassets; sourceTree = "<group>"; };
		7BF8DE48235DB952007529A7 /* Base */ = {isa = PBXFileReference; lastKnownFileType = file.storyboard; name = Base; path = Base.lproj/LaunchScreen.storyboard; sourceTree = "<group>"; };
		7BF8DE4A235DB952007529A7 /* Info.plist */ = {isa = PBXFileReference; lastKnownFileType = text.plist.xml; path = Info.plist; sourceTree = "<group>"; };
		8BD9E7E1659C04D814E69D1E /* Pods-testxcodecompletion.debug.xcconfig */ = {isa = PBXFileReference; includeInIndex = 1; lastKnownFileType = text.xcconfig; name = "Pods-testxcodecompletion.debug.xcconfig"; path = "Pods/Target Support Files/Pods-testxcodecompletion/Pods-testxcodecompletion.debug.xcconfig"; sourceTree = "<group>"; };
		FA4E8412F25335B06F7753E1 /* Pods-testxcodecompletion.release.xcconfig */ = {isa = PBXFileReference; includeInIndex = 1; lastKnownFileType = text.xcconfig; name = "Pods-testxcodecompletion.release.xcconfig"; path = "Pods/Target Support Files/Pods-testxcodecompletion/Pods-testxcodecompletion.release.xcconfig"; sourceTree = "<group>"; };
/* End PBXFileReference section */

/* Begin PBXFrameworksBuildPhase section */
		7BF8DE36235DB951007529A7 /* Frameworks */ = {
			isa = PBXFrameworksBuildPhase;
			buildActionMask = 2147483647;
			files = (
				EDFE7880396FA4843CDBDCE6 /* Pods_testxcodecompletion.framework in Frameworks */,
			);
			runOnlyForDeploymentPostprocessing = 0;
		};
/* End PBXFrameworksBuildPhase section */

/* Begin PBXGroup section */
		7BF8DE30235DB951007529A7 = {
			isa = PBXGroup;
			children = (
				7BF8DE3B235DB951007529A7 /* testxcodecompletion */,
				7BF8DE3A235DB951007529A7 /* Products */,
				DE6100B5935BB86DE0B6C9FA /* Pods */,
				7E9905332BD5820A3A5D16B4 /* Frameworks */,
			);
			sourceTree = "<group>";
		};
		7BF8DE3A235DB951007529A7 /* Products */ = {
			isa = PBXGroup;
			children = (
				7BF8DE39235DB951007529A7 /* testxcodecompletion.app */,
			);
			name = Products;
			sourceTree = "<group>";
		};
		7BF8DE3B235DB951007529A7 /* testxcodecompletion */ = {
			isa = PBXGroup;
			children = (
				7BF8DE3C235DB951007529A7 /* AppDelegate.swift */,
				7BF8DE3E235DB951007529A7 /* SceneDelegate.swift */,
				7BF8DE40235DB951007529A7 /* TableViewController.swift */,
				7BF8DE42235DB951007529A7 /* Main.storyboard */,
				7BF8DE45235DB952007529A7 /* Assets.xcassets */,
				7BF8DE47235DB952007529A7 /* LaunchScreen.storyboard */,
				7BF8DE4A235DB952007529A7 /* Info.plist */,
			);
			path = testxcodecompletion;
			sourceTree = "<group>";
		};
		7E9905332BD5820A3A5D16B4 /* Frameworks */ = {
			isa = PBXGroup;
			children = (
				0E1A161358A32BBD6A06BA2C /* Pods_testxcodecompletion.framework */,
			);
			name = Frameworks;
			sourceTree = "<group>";
		};
		DE6100B5935BB86DE0B6C9FA /* Pods */ = {
			isa = PBXGroup;
			children = (
				8BD9E7E1659C04D814E69D1E /* Pods-testxcodecompletion.debug.xcconfig */,
				FA4E8412F25335B06F7753E1 /* Pods-testxcodecompletion.release.xcconfig */,
			);
			name = Pods;
			sourceTree = "<group>";
		};
/* End PBXGroup section */

/* Begin PBXNativeTarget section */
		7BF8DE38235DB951007529A7 /* testxcodecompletion */ = {
			isa = PBXNativeTarget;
			buildConfigurationList = 7BF8DE4D235DB952007529A7 /* Build configuration list for PBXNativeTarget "testxcodecompletion" */;
			buildPhases = (
				13DCDE7464221EDDE68E64DF /* [CP] Check Pods Manifest.lock */,
				7BF8DE35235DB951007529A7 /* Sources */,
				7BF8DE36235DB951007529A7 /* Frameworks */,
				7BF8DE37235DB951007529A7 /* Resources */,
				8B5A4E30141EA3990E587C5A /* [CP] Embed Pods Frameworks */,
			);
			buildRules = (
			);
			dependencies = (
			);
			name = testxcodecompletion;
			productName = testxcodecompletion;
			productReference = 7BF8DE39235DB951007529A7 /* testxcodecompletion.app */;
			productType = "com.apple.product-type.application";
		};
/* End PBXNativeTarget section */

/* Begin PBXProject section */
		7BF8DE31235DB951007529A7 /* Project object */ = {
			isa = PBXProject;
			attributes = {
				LastSwiftUpdateCheck = 1110;
				LastUpgradeCheck = 1110;
				ORGANIZATIONNAME = alpine;
				TargetAttributes = {
					7BF8DE38235DB951007529A7 = {
						CreatedOnToolsVersion = 11.1;
					};
				};
			};
			buildConfigurationList = 7BF8DE34235DB951007529A7 /* Build configuration list for PBXProject "testxcodecompletion" */;
			compatibilityVersion = "Xcode 9.3";
			developmentRegion = en;
			hasScannedForEncodings = 0;
			knownRegions = (
				en,
				Base,
			);
			mainGroup = 7BF8DE30235DB951007529A7;
			productRefGroup = 7BF8DE3A235DB951007529A7 /* Products */;
			projectDirPath = "";
			projectRoot = "";
			targets = (
				7BF8DE38235DB951007529A7 /* testxcodecompletion */,
			);
		};
/* End PBXProject section */

/* Begin PBXResourcesBuildPhase section */
		7BF8DE37235DB951007529A7 /* Resources */ = {
			isa = PBXResourcesBuildPhase;
			buildActionMask = 2147483647;
			files = (
				7BF8DE49235DB952007529A7 /* LaunchScreen.storyboard in Resources */,
				7BF8DE46235DB952007529A7 /* Assets.xcassets in Resources */,
				7BF8DE44235DB951007529A7 /* Main.storyboard in Resources */,
			);
			runOnlyForDeploymentPostprocessing = 0;
		};
/* End PBXResourcesBuildPhase section */

/* Begin PBXShellScriptBuildPhase section */
		13DCDE7464221EDDE68E64DF /* [CP] Check Pods Manifest.lock */ = {
			isa = PBXShellScriptBuildPhase;
			buildActionMask = 2147483647;
			files = (
			);
			inputFileListPaths = (
			);
			inputPaths = (
				"${PODS_PODFILE_DIR_PATH}/Podfile.lock",
				"${PODS_ROOT}/Manifest.lock",
			);
			name = "[CP] Check Pods Manifest.lock";
			outputFileListPaths = (
			);
			outputPaths = (
				"$(DERIVED_FILE_DIR)/Pods-testxcodecompletion-checkManifestLockResult.txt",
			);
			runOnlyForDeploymentPostprocessing = 0;
			shellPath = /bin/sh;
			shellScript = "diff \"${PODS_PODFILE_DIR_PATH}/Podfile.lock\" \"${PODS_ROOT}/Manifest.lock\" > /dev/null\nif [ $? != 0 ] ; then\n    # print error to STDERR\n    echo \"error: The sandbox is not in sync with the Podfile.lock. Run 'pod install' or update your CocoaPods installation.\" >&2\n    exit 1\nfi\n# This output is used by Xcode 'outputs' to avoid re-running this script phase.\necho \"SUCCESS\" > \"${SCRIPT_OUTPUT_FILE_0}\"\n";
			showEnvVarsInLog = 0;
		};
		8B5A4E30141EA3990E587C5A /* [CP] Embed Pods Frameworks */ = {
			isa = PBXShellScriptBuildPhase;
			buildActionMask = 2147483647;
			files = (
			);
			inputFileListPaths = (
			);
			inputPaths = (
				"${SRCROOT}/Pods/Target Support Files/Pods-testxcodecompletion/Pods-testxcodecompletion-frameworks.sh",
				"${BUILT_PRODUCTS_DIR}/Realm/Realm.framework",
				"${BUILT_PRODUCTS_DIR}/RealmSwift/RealmSwift.framework",
			);
			name = "[CP] Embed Pods Frameworks";
			outputFileListPaths = (
			);
			outputPaths = (
				"${TARGET_BUILD_DIR}/${FRAMEWORKS_FOLDER_PATH}/Realm.framework",
				"${TARGET_BUILD_DIR}/${FRAMEWORKS_FOLDER_PATH}/RealmSwift.framework",
			);
			runOnlyForDeploymentPostprocessing = 0;
			shellPath = /bin/sh;
			shellScript = "\"${SRCROOT}/Pods/Target Support Files/Pods-testxcodecompletion/Pods-testxcodecompletion-frameworks.sh\"\n";
			showEnvVarsInLog = 0;
		};
/* End PBXShellScriptBuildPhase section */

/* Begin PBXSourcesBuildPhase section */
		7BF8DE35235DB951007529A7 /* Sources */ = {
			isa = PBXSourcesBuildPhase;
			buildActionMask = 2147483647;
			files = (
				7BF8DE41235DB951007529A7 /* TableViewController.swift in Sources */,
				7BF8DE3D235DB951007529A7 /* AppDelegate.swift in Sources */,
				7BF8DE3F235DB951007529A7 /* SceneDelegate.swift in Sources */,
			);
			runOnlyForDeploymentPostprocessing = 0;
		};
/* End PBXSourcesBuildPhase section */

/* Begin PBXVariantGroup section */
		7BF8DE42235DB951007529A7 /* Main.storyboard */ = {
			isa = PBXVariantGroup;
			children = (
				7BF8DE43235DB951007529A7 /* Base */,
			);
			name = Main.storyboard;
			sourceTree = "<group>";
		};
		7BF8DE47235DB952007529A7 /* LaunchScreen.storyboard */ = {
			isa = PBXVariantGroup;
			children = (
				7BF8DE48235DB952007529A7 /* Base */,
			);
			name = LaunchScreen.storyboard;
			sourceTree = "<group>";
		};
/* End PBXVariantGroup section */

/* Begin XCBuildConfiguration section */
		7BF8DE4B235DB952007529A7 /* Debug */ = {
			isa = XCBuildConfiguration;
			buildSettings = {
				ALWAYS_SEARCH_USER_PATHS = NO;
				CLANG_ANALYZER_NONNULL = YES;
				CLANG_ANALYZER_NUMBER_OBJECT_CONVERSION = YES_AGGRESSIVE;
				CLANG_CXX_LANGUAGE_STANDARD = "gnu++14";
				CLANG_CXX_LIBRARY = "libc++";
				CLANG_ENABLE_MODULES = YES;
				CLANG_ENABLE_OBJC_ARC = YES;
				CLANG_ENABLE_OBJC_WEAK = YES;
				CLANG_WARN_BLOCK_CAPTURE_AUTORELEASING = YES;
				CLANG_WARN_BOOL_CONVERSION = YES;
				CLANG_WARN_COMMA = YES;
				CLANG_WARN_CONSTANT_CONVERSION = YES;
				CLANG_WARN_DEPRECATED_OBJC_IMPLEMENTATIONS = YES;
				CLANG_WARN_DIRECT_OBJC_ISA_USAGE = YES_ERROR;
				CLANG_WARN_DOCUMENTATION_COMMENTS = YES;
				CLANG_WARN_EMPTY_BODY = YES;
				CLANG_WARN_ENUM_CONVERSION = YES;
				CLANG_WARN_INFINITE_RECURSION = YES;
				CLANG_WARN_INT_CONVERSION = YES;
				CLANG_WARN_NON_LITERAL_NULL_CONVERSION = YES;
				CLANG_WARN_OBJC_IMPLICIT_RETAIN_SELF = YES;
				CLANG_WARN_OBJC_LITERAL_CONVERSION = YES;
				CLANG_WARN_OBJC_ROOT_CLASS = YES_ERROR;
				CLANG_WARN_RANGE_LOOP_ANALYSIS = YES;
				CLANG_WARN_STRICT_PROTOTYPES = YES;
				CLANG_WARN_SUSPICIOUS_MOVE = YES;
				CLANG_WARN_UNGUARDED_AVAILABILITY = YES_AGGRESSIVE;
				CLANG_WARN_UNREACHABLE_CODE = YES;
				CLANG_WARN__DUPLICATE_METHOD_MATCH = YES;
				COPY_PHASE_STRIP = NO;
				DEBUG_INFORMATION_FORMAT = dwarf;
				ENABLE_STRICT_OBJC_MSGSEND = YES;
				ENABLE_TESTABILITY = YES;
				GCC_C_LANGUAGE_STANDARD = gnu11;
				GCC_DYNAMIC_NO_PIC = NO;
				GCC_NO_COMMON_BLOCKS = YES;
				GCC_OPTIMIZATION_LEVEL = 0;
				GCC_PREPROCESSOR_DEFINITIONS = (
					"DEBUG=1",
					"$(inherited)",
				);
				GCC_WARN_64_TO_32_BIT_CONVERSION = YES;
				GCC_WARN_ABOUT_RETURN_TYPE = YES_ERROR;
				GCC_WARN_UNDECLARED_SELECTOR = YES;
				GCC_WARN_UNINITIALIZED_AUTOS = YES_AGGRESSIVE;
				GCC_WARN_UNUSED_FUNCTION = YES;
				GCC_WARN_UNUSED_VARIABLE = YES;
				IPHONEOS_DEPLOYMENT_TARGET = 13.1;
				MTL_ENABLE_DEBUG_INFO = INCLUDE_SOURCE;
				MTL_FAST_MATH = YES;
				ONLY_ACTIVE_ARCH = YES;
				SDKROOT = iphoneos;
				SWIFT_ACTIVE_COMPILATION_CONDITIONS = DEBUG;
				SWIFT_OPTIMIZATION_LEVEL = "-Onone";
			};
			name = Debug;
		};
		7BF8DE4C235DB952007529A7 /* Release */ = {
			isa = XCBuildConfiguration;
			buildSettings = {
				ALWAYS_SEARCH_USER_PATHS = NO;
				CLANG_ANALYZER_NONNULL = YES;
				CLANG_ANALYZER_NUMBER_OBJECT_CONVERSION = YES_AGGRESSIVE;
				CLANG_CXX_LANGUAGE_STANDARD = "gnu++14";
				CLANG_CXX_LIBRARY = "libc++";
				CLANG_ENABLE_MODULES = YES;
				CLANG_ENABLE_OBJC_ARC = YES;
				CLANG_ENABLE_OBJC_WEAK = YES;
				CLANG_WARN_BLOCK_CAPTURE_AUTORELEASING = YES;
				CLANG_WARN_BOOL_CONVERSION = YES;
				CLANG_WARN_COMMA = YES;
				CLANG_WARN_CONSTANT_CONVERSION = YES;
				CLANG_WARN_DEPRECATED_OBJC_IMPLEMENTATIONS = YES;
				CLANG_WARN_DIRECT_OBJC_ISA_USAGE = YES_ERROR;
				CLANG_WARN_DOCUMENTATION_COMMENTS = YES;
				CLANG_WARN_EMPTY_BODY = YES;
				CLANG_WARN_ENUM_CONVERSION = YES;
				CLANG_WARN_INFINITE_RECURSION = YES;
				CLANG_WARN_INT_CONVERSION = YES;
				CLANG_WARN_NON_LITERAL_NULL_CONVERSION = YES;
				CLANG_WARN_OBJC_IMPLICIT_RETAIN_SELF = YES;
				CLANG_WARN_OBJC_LITERAL_CONVERSION = YES;
				CLANG_WARN_OBJC_ROOT_CLASS = YES_ERROR;
				CLANG_WARN_RANGE_LOOP_ANALYSIS = YES;
				CLANG_WARN_STRICT_PROTOTYPES = YES;
				CLANG_WARN_SUSPICIOUS_MOVE = YES;
				CLANG_WARN_UNGUARDED_AVAILABILITY = YES_AGGRESSIVE;
				CLANG_WARN_UNREACHABLE_CODE = YES;
				CLANG_WARN__DUPLICATE_METHOD_MATCH = YES;
				COPY_PHASE_STRIP = NO;
				DEBUG_INFORMATION_FORMAT = "dwarf-with-dsym";
				ENABLE_NS_ASSERTIONS = NO;
				ENABLE_STRICT_OBJC_MSGSEND = YES;
				GCC_C_LANGUAGE_STANDARD = gnu11;
				GCC_NO_COMMON_BLOCKS = YES;
				GCC_WARN_64_TO_32_BIT_CONVERSION = YES;
				GCC_WARN_ABOUT_RETURN_TYPE = YES_ERROR;
				GCC_WARN_UNDECLARED_SELECTOR = YES;
				GCC_WARN_UNINITIALIZED_AUTOS = YES_AGGRESSIVE;
				GCC_WARN_UNUSED_FUNCTION = YES;
				GCC_WARN_UNUSED_VARIABLE = YES;
				IPHONEOS_DEPLOYMENT_TARGET = 13.1;
				MTL_ENABLE_DEBUG_INFO = NO;
				MTL_FAST_MATH = YES;
				SDKROOT = iphoneos;
				SWIFT_COMPILATION_MODE = wholemodule;
				SWIFT_OPTIMIZATION_LEVEL = "-O";
				VALIDATE_PRODUCT = YES;
			};
			name = Release;
		};
		7BF8DE4E235DB952007529A7 /* Debug */ = {
			isa = XCBuildConfiguration;
			baseConfigurationReference = 8BD9E7E1659C04D814E69D1E /* Pods-testxcodecompletion.debug.xcconfig */;
			buildSettings = {
				ASSETCATALOG_COMPILER_APPICON_NAME = AppIcon;
				CODE_SIGN_STYLE = Automatic;
				DEVELOPMENT_TEAM = X4Q9MUR658;
				INFOPLIST_FILE = testxcodecompletion/Info.plist;
				LD_RUNPATH_SEARCH_PATHS = (
					"$(inherited)",
					"@executable_path/Frameworks",
				);
				PRODUCT_BUNDLE_IDENTIFIER = com.alpine.testxcodecompletion;
				PRODUCT_NAME = "$(TARGET_NAME)";
				SWIFT_VERSION = 5.0;
				TARGETED_DEVICE_FAMILY = "1,2";
			};
			name = Debug;
		};
		7BF8DE4F235DB952007529A7 /* Release */ = {
			isa = XCBuildConfiguration;
			baseConfigurationReference = FA4E8412F25335B06F7753E1 /* Pods-testxcodecompletion.release.xcconfig */;
			buildSettings = {
				ASSETCATALOG_COMPILER_APPICON_NAME = AppIcon;
				CODE_SIGN_STYLE = Automatic;
				DEVELOPMENT_TEAM = X4Q9MUR658;
				INFOPLIST_FILE = testxcodecompletion/Info.plist;
				LD_RUNPATH_SEARCH_PATHS = (
					"$(inherited)",
					"@executable_path/Frameworks",
				);
				PRODUCT_BUNDLE_IDENTIFIER = com.alpine.testxcodecompletion;
				PRODUCT_NAME = "$(TARGET_NAME)";
				SWIFT_VERSION = 5.0;
				TARGETED_DEVICE_FAMILY = "1,2";
			};
			name = Release;
		};
/* End XCBuildConfiguration section */

/* Begin XCConfigurationList section */
		7BF8DE34235DB951007529A7 /* Build configuration list for PBXProject "testxcodecompletion" */ = {
			isa = XCConfigurationList;
			buildConfigurations = (
				7BF8DE4B235DB952007529A7 /* Debug */,
				7BF8DE4C235DB952007529A7 /* Release */,
			);
			defaultConfigurationIsVisible = 0;
			defaultConfigurationName = Release;
		};
		7BF8DE4D235DB952007529A7 /* Build configuration list for PBXNativeTarget "testxcodecompletion" */ = {
			isa = XCConfigurationList;
			buildConfigurations = (
				7BF8DE4E235DB952007529A7 /* Debug */,
				7BF8DE4F235DB952007529A7 /* Release */,
			);
			defaultConfigurationIsVisible = 0;
			defaultConfigurationName = Release;
		};
/* End XCConfigurationList section */
	};
	rootObject = 7BF8DE31235DB951007529A7 /* Project object */;
}
